
Microsoft Visual Studio Solution File, Format Version 12.00
# Visual Studio Version 17
VisualStudioVersion = 17.0.31903.59
MinimumVisualStudioVersion = 10.0.40219.1
Project("{9A19103F-16F7-4668-BE54-9A1E7A4F7556}") = "CloudCustomers.API", "CloudCustomers.API\CloudCustomers.API.csproj", "{4CB6049D-4071-4C51-8E92-F8C4D0ED3F5E}"
EndProject
Project("{9A19103F-16F7-4668-BE54-9A1E7A4F7556}") = "CloudCustomers.UnitTests", "CloudCustomers.UnitTests\CloudCustomers.UnitTests.csproj", "{B8C6A1A9-7E10-4606-879B-5169FB8CDD1C}"
EndProject
Global
	GlobalSection(SolutionConfigurationPlatforms) = preSolution
		Debug|Any CPU = Debug|Any CPU
		Release|Any CPU = Release|Any CPU
	EndGlobalSection
	GlobalSection(ProjectConfigurationPlatforms) = postSolution
		{4CB6049D-4071-4C51-8E92-F8C4D0ED3F5E}.Debug|Any CPU.ActiveCfg = Debug|Any CPU
		{4CB6049D-4071-4C51-8E92-F8C4D0ED3F5E}.Debug|Any CPU.Build.0 = Debug|Any CPU
		{4CB6049D-4071-4C51-8E92-F8C4D0ED3F5E}.Release|Any CPU.ActiveCfg = Release|Any CPU
		{4CB6049D-4071-4C51-8E92-F8C4D0ED3F5E}.Release|Any CPU.Build.0 = Release|Any CPU
		{B8C6A1A9-7E10-4606-879B-5169FB8CDD1C}.Debug|Any CPU.ActiveCfg = Debug|Any CPU
		{B8C6A1A9-7E10-4606-879B-5169FB8CDD1C}.Debug|Any CPU.Build.0 = Debug|Any CPU
		{B8C6A1A9-7E10-4606-879B-5169FB8CDD1C}.Release|Any CPU.ActiveCfg = Release|Any CPU
		{B8C6A1A9-7E10-4606-879B-5169FB8CDD1C}.Release|Any CPU.Build.0 = Release|Any CPU
	EndGlobalSection
	GlobalSection(SolutionProperties) = preSolution
		HideSolutionNode = FALSE
	EndGlobalSection
	GlobalSection(ExtensibilityGlobals) = postSolution
		SolutionGuid = {C3FE50D7-704A-4D08-9B8A-A35D37A7F48A}
	EndGlobalSection
EndGlobal
